
Microsoft Visual Studio Solution File, Format Version 12.00
# Visual Studio Version 17
VisualStudioVersion = 17.5.002.0
MinimumVisualStudioVersion = 10.0.40219.1
Project("{2150E333-8FDC-42A3-9474-1A3956D46DE8}") = "projetobia", "projetobia", "{3E6EEE9F-61F2-45AA-881B-0D8AF76CF3A6}"
EndProject
Project("{9A19103F-16F7-4668-BE54-9A1E7A4F7556}") = "projetobia", "projetobia\projetobia\projetobia.csproj", "{CA84D33E-CB38-46B1-AE4D-9AEFBFDA536D}"
EndProject
Global
	GlobalSection(SolutionConfigurationPlatforms) = preSolution
		Debug|Any CPU = Debug|Any CPU
		Release|Any CPU = Release|Any CPU
	EndGlobalSection
	GlobalSection(ProjectConfigurationPlatforms) = postSolution
		{CA84D33E-CB38-46B1-AE4D-9AEFBFDA536D}.Debug|Any CPU.ActiveCfg = Debug|Any CPU
		{CA84D33E-CB38-46B1-AE4D-9AEFBFDA536D}.Debug|Any CPU.Build.0 = Debug|Any CPU
		{CA84D33E-CB38-46B1-AE4D-9AEFBFDA536D}.Release|Any CPU.ActiveCfg = Release|Any CPU
		{CA84D33E-CB38-46B1-AE4D-9AEFBFDA536D}.Release|Any CPU.Build.0 = Release|Any CPU
	EndGlobalSection
	GlobalSection(SolutionProperties) = preSolution
		HideSolutionNode = FALSE
	EndGlobalSection
	GlobalSection(NestedProjects) = preSolution
		{CA84D33E-CB38-46B1-AE4D-9AEFBFDA536D} = {3E6EEE9F-61F2-45AA-881B-0D8AF76CF3A6}
	EndGlobalSection
	GlobalSection(ExtensibilityGlobals) = postSolution
		SolutionGuid = {E86C8BC0-82D4-4C35-8940-B109B4AF3AA8}
	EndGlobalSection
EndGlobal
